
Microsoft Visual Studio Solution File, Format Version 12.00
# Visual Studio Version 17
VisualStudioVersion = 17.6.33829.357
MinimumVisualStudioVersion = 10.0.40219.1
Project("{FAE04EC0-301F-11D3-BF4B-00C04F79EFBC}") = "PasswordValidationService", "PasswordValidationService.csproj", "{18849606-70D2-47D0-BDCD-994EDE69028A}"
EndProject
Global
	GlobalSection(SolutionConfigurationPlatforms) = preSolution
		Debug|Any CPU = Debug|Any CPU
		Release|Any CPU = Release|Any CPU
	EndGlobalSection
	GlobalSection(ProjectConfigurationPlatforms) = postSolution
		{18849606-70D2-47D0-BDCD-994EDE69028A}.Debug|Any CPU.ActiveCfg = Debug|Any CPU
		{18849606-70D2-47D0-BDCD-994EDE69028A}.Debug|Any CPU.Build.0 = Debug|Any CPU
		{18849606-70D2-47D0-BDCD-994EDE69028A}.Release|Any CPU.ActiveCfg = Release|Any CPU
		{18849606-70D2-47D0-BDCD-994EDE69028A}.Release|Any CPU.Build.0 = Release|Any CPU
	EndGlobalSection
	GlobalSection(SolutionProperties) = preSolution
		HideSolutionNode = FALSE
	EndGlobalSection
	GlobalSection(ExtensibilityGlobals) = postSolution
		SolutionGuid = {2408E335-7894-4F88-87D1-71140A2E2881}
	EndGlobalSection
EndGlobal
